
Microsoft Visual Studio Solution File, Format Version 12.00
# Visual Studio 14
VisualStudioVersion = 14.0.25420.1
MinimumVisualStudioVersion = 10.0.40219.1
Project("{8BC9CEB8-8B4A-11D0-8D11-00A0C91BC942}") = "example8574", "example8574.vcxproj", "{C5F80730-F44F-4478-BDAE-6634EFC2CA88}"
EndProject
Project("{8BC9CEB8-8B4A-11D0-8D11-00A0C91BC942}") = "IoAbstraction", "..\..\IoAbstraction.vcxitems", "{86EA7C9F-3843-4AF2-9633-F6DEC847AC42}"
EndProject
Project("{8BC9CEB8-8B4A-11D0-8D11-00A0C91BC942}") = "encoderSwitch", "..\encoderSwitch\encoderSwitch.vcxproj", "{2367E01B-29A9-4EF4-A75B-723B73AF1A5B}"
EndProject
Project("{8BC9CEB8-8B4A-11D0-8D11-00A0C91BC942}") = "exampleDirect", "..\exampleDirect\exampleDirect.vcxproj", "{621FCEB6-5C1F-431C-92DA-B7FE2FAA7B51}"
EndProject
Project("{8BC9CEB8-8B4A-11D0-8D11-00A0C91BC942}") = "exampleShiftReg", "..\exampleShiftReg\exampleShiftReg.vcxproj", "{EC9DE025-02CE-4687-BB0B-31B2607F2D93}"
EndProject
Project("{8BC9CEB8-8B4A-11D0-8D11-00A0C91BC942}") = "taskManagement", "..\taskManagement\taskManagement.vcxproj", "{74543B8E-D4B5-4C67-A5F4-F94E246A4DD8}"
EndProject
Project("{8BC9CEB8-8B4A-11D0-8D11-00A0C91BC942}") = "timedBlink", "..\timedBlink\timedBlink.vcxproj", "{D01620AD-054B-4021-AFB8-B8B7634F3746}"
EndProject
Project("{8BC9CEB8-8B4A-11D0-8D11-00A0C91BC942}") = "TaskMgrTest", "..\..\..\..\TaskMgrTest\TaskMgrTest.vcxproj", "{12D02E7C-B93D-4479-8435-52C88D16F784}"
EndProject
Global
	GlobalSection(SharedMSBuildProjectFiles) = preSolution
		..\..\IoAbstraction.vcxitems*{12d02e7c-b93d-4479-8435-52c88d16f784}*SharedItemsImports = 4
		..\..\IoAbstraction.vcxitems*{2367e01b-29a9-4ef4-a75b-723b73af1a5b}*SharedItemsImports = 4
		..\..\IoAbstraction.vcxitems*{621fceb6-5c1f-431c-92da-b7fe2faa7b51}*SharedItemsImports = 4
		..\..\IoAbstraction.vcxitems*{74543b8e-d4b5-4c67-a5f4-f94e246a4dd8}*SharedItemsImports = 4
		..\..\IoAbstraction.vcxitems*{86ea7c9f-3843-4af2-9633-f6dec847ac42}*SharedItemsImports = 9
		..\..\IoAbstraction.vcxitems*{c5f80730-f44f-4478-bdae-6634efc2ca88}*SharedItemsImports = 4
		..\..\IoAbstraction.vcxitems*{d01620ad-054b-4021-afb8-b8b7634f3746}*SharedItemsImports = 4
		..\..\IoAbstraction.vcxitems*{ec9de025-02ce-4687-bb0b-31b2607f2d93}*SharedItemsImports = 4
	EndGlobalSection
	GlobalSection(SolutionConfigurationPlatforms) = preSolution
		Debug|x86 = Debug|x86
		Release|x86 = Release|x86
	EndGlobalSection
	GlobalSection(ProjectConfigurationPlatforms) = postSolution
		{C5F80730-F44F-4478-BDAE-6634EFC2CA88}.Debug|x86.ActiveCfg = Debug|Win32
		{C5F80730-F44F-4478-BDAE-6634EFC2CA88}.Debug|x86.Build.0 = Debug|Win32
		{C5F80730-F44F-4478-BDAE-6634EFC2CA88}.Release|x86.ActiveCfg = Release|Win32
		{C5F80730-F44F-4478-BDAE-6634EFC2CA88}.Release|x86.Build.0 = Release|Win32
		{2367E01B-29A9-4EF4-A75B-723B73AF1A5B}.Debug|x86.ActiveCfg = Debug|Win32
		{2367E01B-29A9-4EF4-A75B-723B73AF1A5B}.Debug|x86.Build.0 = Debug|Win32
		{2367E01B-29A9-4EF4-A75B-723B73AF1A5B}.Release|x86.ActiveCfg = Release|Win32
		{2367E01B-29A9-4EF4-A75B-723B73AF1A5B}.Release|x86.Build.0 = Release|Win32
		{621FCEB6-5C1F-431C-92DA-B7FE2FAA7B51}.Debug|x86.ActiveCfg = Debug|Win32
		{621FCEB6-5C1F-431C-92DA-B7FE2FAA7B51}.Debug|x86.Build.0 = Debug|Win32
		{621FCEB6-5C1F-431C-92DA-B7FE2FAA7B51}.Release|x86.ActiveCfg = Release|Win32
		{621FCEB6-5C1F-431C-92DA-B7FE2FAA7B51}.Release|x86.Build.0 = Release|Win32
		{EC9DE025-02CE-4687-BB0B-31B2607F2D93}.Debug|x86.ActiveCfg = Debug|Win32
		{EC9DE025-02CE-4687-BB0B-31B2607F2D93}.Debug|x86.Build.0 = Debug|Win32
		{EC9DE025-02CE-4687-BB0B-31B2607F2D93}.Release|x86.ActiveCfg = Release|Win32
		{EC9DE025-02CE-4687-BB0B-31B2607F2D93}.Release|x86.Build.0 = Release|Win32
		{74543B8E-D4B5-4C67-A5F4-F94E246A4DD8}.Debug|x86.ActiveCfg = Debug|Win32
		{74543B8E-D4B5-4C67-A5F4-F94E246A4DD8}.Debug|x86.Build.0 = Debug|Win32
		{74543B8E-D4B5-4C67-A5F4-F94E246A4DD8}.Release|x86.ActiveCfg = Release|Win32
		{74543B8E-D4B5-4C67-A5F4-F94E246A4DD8}.Release|x86.Build.0 = Release|Win32
		{D01620AD-054B-4021-AFB8-B8B7634F3746}.Debug|x86.ActiveCfg = Debug|Win32
		{D01620AD-054B-4021-AFB8-B8B7634F3746}.Debug|x86.Build.0 = Debug|Win32
		{D01620AD-054B-4021-AFB8-B8B7634F3746}.Release|x86.ActiveCfg = Release|Win32
		{D01620AD-054B-4021-AFB8-B8B7634F3746}.Release|x86.Build.0 = Release|Win32
		{12D02E7C-B93D-4479-8435-52C88D16F784}.Debug|x86.ActiveCfg = Debug|Win32
		{12D02E7C-B93D-4479-8435-52C88D16F784}.Debug|x86.Build.0 = Debug|Win32
		{12D02E7C-B93D-4479-8435-52C88D16F784}.Release|x86.ActiveCfg = Release|Win32
		{12D02E7C-B93D-4479-8435-52C88D16F784}.Release|x86.Build.0 = Release|Win32
	EndGlobalSection
	GlobalSection(SolutionProperties) = preSolution
		HideSolutionNode = FALSE
	EndGlobalSection
EndGlobal
